
Microsoft Visual Studio Solution File, Format Version 12.00
# Visual Studio Version 17
VisualStudioVersion = 17.9.34321.82
MinimumVisualStudioVersion = 10.0.40219.1
Project("{9A19103F-16F7-4668-BE54-9A1E7A4F7556}") = "Prioritize", "Prioritize\Prioritize.csproj", "{5469B696-6240-47A5-AB01-AC97BA277AF1}"
EndProject
Project("{2150E333-8FDC-42A3-9474-1A3956D46DE8}") = "Solution Items", "Solution Items", "{D2BDC9EC-2CAF-4DE5-9A77-75F248D1E3DC}"
	ProjectSection(SolutionItems) = preProject
		.gitignore = .gitignore
	EndProjectSection
EndProject
Global
	GlobalSection(SolutionConfigurationPlatforms) = preSolution
		Debug|Any CPU = Debug|Any CPU
		Release|Any CPU = Release|Any CPU
	EndGlobalSection
	GlobalSection(ProjectConfigurationPlatforms) = postSolution
		{5469B696-6240-47A5-AB01-AC97BA277AF1}.Debug|Any CPU.ActiveCfg = Debug|Any CPU
		{5469B696-6240-47A5-AB01-AC97BA277AF1}.Debug|Any CPU.Build.0 = Debug|Any CPU
		{5469B696-6240-47A5-AB01-AC97BA277AF1}.Release|Any CPU.ActiveCfg = Release|Any CPU
		{5469B696-6240-47A5-AB01-AC97BA277AF1}.Release|Any CPU.Build.0 = Release|Any CPU
	EndGlobalSection
	GlobalSection(SolutionProperties) = preSolution
		HideSolutionNode = FALSE
	EndGlobalSection
	GlobalSection(ExtensibilityGlobals) = postSolution
		SolutionGuid = {E59A7865-96A4-40C7-A5EA-205E7927BA07}
	EndGlobalSection
EndGlobal
